
Microsoft Visual Studio Solution File, Format Version 12.00
# Visual Studio Version 16
VisualStudioVersion = 16.0.32929.386
MinimumVisualStudioVersion = 10.0.40219.1
Project("{FAE04EC0-301F-11D3-BF4B-00C04F79EFBC}") = "Students_Information_Managment_System", "Students_Information_Managment_System.csproj", "{A75E899F-E408-440F-883D-CA44949245F8}"
EndProject
Global
	GlobalSection(SolutionConfigurationPlatforms) = preSolution
		Debug|Any CPU = Debug|Any CPU
		Release|Any CPU = Release|Any CPU
	EndGlobalSection
	GlobalSection(ProjectConfigurationPlatforms) = postSolution
		{A75E899F-E408-440F-883D-CA44949245F8}.Debug|Any CPU.ActiveCfg = Debug|Any CPU
		{A75E899F-E408-440F-883D-CA44949245F8}.Debug|Any CPU.Build.0 = Debug|Any CPU
		{A75E899F-E408-440F-883D-CA44949245F8}.Release|Any CPU.ActiveCfg = Release|Any CPU
		{A75E899F-E408-440F-883D-CA44949245F8}.Release|Any CPU.Build.0 = Release|Any CPU
	EndGlobalSection
	GlobalSection(SolutionProperties) = preSolution
		HideSolutionNode = FALSE
	EndGlobalSection
	GlobalSection(ExtensibilityGlobals) = postSolution
		SolutionGuid = {4EFE879C-20A2-49EA-8073-A7C136E37C63}
	EndGlobalSection
EndGlobal
